// !$*UTF8*$!
{
	archiveVersion = 1;
	classes = {
	};
	objectVersion = 46;
	objects = {

/* Begin PBXBuildFile section */
		01768DAC1978C5EF009499FD /* Foundation.framework in Frameworks */ = {isa = PBXBuildFile; fileRef = 01768DAB1978C5EF009499FD /* Foundation.framework */; };
		01768DAE1978C5EF009499FD /* CoreGraphics.framework in Frameworks */ = {isa = PBXBuildFile; fileRef = 01768DAD1978C5EF009499FD /* CoreGraphics.framework */; };
		01768DB01978C5EF009499FD /* UIKit.framework in Frameworks */ = {isa = PBXBuildFile; fileRef = 01768DAF1978C5EF009499FD /* UIKit.framework */; };
		01768DB61978C5EF009499FD /* InfoPlist.strings in Resources */ = {isa = PBXBuildFile; fileRef = 01768DB41978C5EF009499FD /* InfoPlist.strings */; };
		01768DB81978C5EF009499FD /* main.m in Sources */ = {isa = PBXBuildFile; fileRef = 01768DB71978C5EF009499FD /* main.m */; };
		01768DBC1978C5EF009499FD /* AppDelegate.m in Sources */ = {isa = PBXBuildFile; fileRef = 01768DBB1978C5EF009499FD /* AppDelegate.m */; };
		01768DC41978C5EF009499FD /* Images.xcassets in Resources */ = {isa = PBXBuildFile; fileRef = 01768DC31978C5EF009499FD /* Images.xcassets */; };
		01768DCB1978C5EF009499FD /* XCTest.framework in Frameworks */ = {isa = PBXBuildFile; fileRef = 01768DCA1978C5EF009499FD /* XCTest.framework */; };
		01768DCC1978C5EF009499FD /* Foundation.framework in Frameworks */ = {isa = PBXBuildFile; fileRef = 01768DAB1978C5EF009499FD /* Foundation.framework */; };
		01768DCD1978C5EF009499FD /* UIKit.framework in Frameworks */ = {isa = PBXBuildFile; fileRef = 01768DAF1978C5EF009499FD /* UIKit.framework */; };
		01768DD51978C5EF009499FD /* InfoPlist.strings in Resources */ = {isa = PBXBuildFile; fileRef = 01768DD31978C5EF009499FD /* InfoPlist.strings */; };
		01768DD71978C5EF009499FD /* RealmPlaygroundTests.m in Sources */ = {isa = PBXBuildFile; fileRef = 01768DD61978C5EF009499FD /* RealmPlaygroundTests.m */; };
		01768DE31978C633009499FD /* MainViewController.m in Sources */ = {isa = PBXBuildFile; fileRef = 01768DE11978C633009499FD /* MainViewController.m */; };
		01768DE41978C633009499FD /* MainViewController.xib in Resources */ = {isa = PBXBuildFile; fileRef = 01768DE21978C633009499FD /* MainViewController.xib */; };
/* End PBXBuildFile section */

/* Begin PBXContainerItemProxy section */
		01768DCE1978C5EF009499FD /* PBXContainerItemProxy */ = {
			isa = PBXContainerItemProxy;
			containerPortal = 01768DA01978C5EE009499FD /* Project object */;
			proxyType = 1;
			remoteGlobalIDString = 01768DA71978C5EF009499FD;
			remoteInfo = RealmPlayground;
		};
/* End PBXContainerItemProxy section */

/* Begin PBXFileReference section */
		01768DA81978C5EF009499FD /* RealmPlayground.app */ = {isa = PBXFileReference; explicitFileType = wrapper.application; includeInIndex = 0; path = RealmPlayground.app; sourceTree = BUILT_PRODUCTS_DIR; };
		01768DAB1978C5EF009499FD /* Foundation.framework */ = {isa = PBXFileReference; lastKnownFileType = wrapper.framework; name = Foundation.framework; path = System/Library/Frameworks/Foundation.framework; sourceTree = SDKROOT; };
		01768DAD1978C5EF009499FD /* CoreGraphics.framework */ = {isa = PBXFileReference; lastKnownFileType = wrapper.framework; name = CoreGraphics.framework; path = System/Library/Frameworks/CoreGraphics.framework; sourceTree = SDKROOT; };
		01768DAF1978C5EF009499FD /* UIKit.framework */ = {isa = PBXFileReference; lastKnownFileType = wrapper.framework; name = UIKit.framework; path = System/Library/Frameworks/UIKit.framework; sourceTree = SDKROOT; };
		01768DB31978C5EF009499FD /* RealmPlayground-Info.plist */ = {isa = PBXFileReference; lastKnownFileType = text.plist.xml; path = "RealmPlayground-Info.plist"; sourceTree = "<group>"; };
		01768DB51978C5EF009499FD /* en */ = {isa = PBXFileReference; lastKnownFileType = text.plist.strings; name = en; path = en.lproj/InfoPlist.strings; sourceTree = "<group>"; };
		01768DB71978C5EF009499FD /* main.m */ = {isa = PBXFileReference; lastKnownFileType = sourcecode.c.objc; path = main.m; sourceTree = "<group>"; };
		01768DB91978C5EF009499FD /* RealmPlayground-Prefix.pch */ = {isa = PBXFileReference; lastKnownFileType = sourcecode.c.h; path = "RealmPlayground-Prefix.pch"; sourceTree = "<group>"; };
		01768DBA1978C5EF009499FD /* AppDelegate.h */ = {isa = PBXFileReference; lastKnownFileType = sourcecode.c.h; path = AppDelegate.h; sourceTree = "<group>"; };
		01768DBB1978C5EF009499FD /* AppDelegate.m */ = {isa = PBXFileReference; lastKnownFileType = sourcecode.c.objc; path = AppDelegate.m; sourceTree = "<group>"; };
		01768DC31978C5EF009499FD /* Images.xcassets */ = {isa = PBXFileReference; lastKnownFileType = folder.assetcatalog; path = Images.xcassets; sourceTree = "<group>"; };
		01768DC91978C5EF009499FD /* RealmPlaygroundTests.xctest */ = {isa = PBXFileReference; explicitFileType = wrapper.cfbundle; includeInIndex = 0; path = RealmPlaygroundTests.xctest; sourceTree = BUILT_PRODUCTS_DIR; };
		01768DCA1978C5EF009499FD /* XCTest.framework */ = {isa = PBXFileReference; lastKnownFileType = wrapper.framework; name = XCTest.framework; path = Library/Frameworks/XCTest.framework; sourceTree = DEVELOPER_DIR; };
		01768DD21978C5EF009499FD /* RealmPlaygroundTests-Info.plist */ = {isa = PBXFileReference; lastKnownFileType = text.plist.xml; path = "RealmPlaygroundTests-Info.plist"; sourceTree = "<group>"; };
		01768DD41978C5EF009499FD /* en */ = {isa = PBXFileReference; lastKnownFileType = text.plist.strings; name = en; path = en.lproj/InfoPlist.strings; sourceTree = "<group>"; };
		01768DD61978C5EF009499FD /* RealmPlaygroundTests.m */ = {isa = PBXFileReference; lastKnownFileType = sourcecode.c.objc; path = RealmPlaygroundTests.m; sourceTree = "<group>"; };
		01768DE01978C633009499FD /* MainViewController.h */ = {isa = PBXFileReference; fileEncoding = 4; lastKnownFileType = sourcecode.c.h; path = MainViewController.h; sourceTree = "<group>"; };
		01768DE11978C633009499FD /* MainViewController.m */ = {isa = PBXFileReference; fileEncoding = 4; lastKnownFileType = sourcecode.c.objc; path = MainViewController.m; sourceTree = "<group>"; };
		01768DE21978C633009499FD /* MainViewController.xib */ = {isa = PBXFileReference; fileEncoding = 4; lastKnownFileType = file.xib; path = MainViewController.xib; sourceTree = "<group>"; };
/* End PBXFileReference section */

/* Begin PBXFrameworksBuildPhase section */
		01768DA51978C5EF009499FD /* Frameworks */ = {
			isa = PBXFrameworksBuildPhase;
			buildActionMask = 2147483647;
			files = (
				01768DAE1978C5EF009499FD /* CoreGraphics.framework in Frameworks */,
				01768DB01978C5EF009499FD /* UIKit.framework in Frameworks */,
				01768DAC1978C5EF009499FD /* Foundation.framework in Frameworks */,
			);
			runOnlyForDeploymentPostprocessing = 0;
		};
		01768DC61978C5EF009499FD /* Frameworks */ = {
			isa = PBXFrameworksBuildPhase;
			buildActionMask = 2147483647;
			files = (
				01768DCB1978C5EF009499FD /* XCTest.framework in Frameworks */,
				01768DCD1978C5EF009499FD /* UIKit.framework in Frameworks */,
				01768DCC1978C5EF009499FD /* Foundation.framework in Frameworks */,
			);
			runOnlyForDeploymentPostprocessing = 0;
		};
/* End PBXFrameworksBuildPhase section */

/* Begin PBXGroup section */
		01768D9F1978C5EE009499FD = {
			isa = PBXGroup;
			children = (
				01768DB11978C5EF009499FD /* RealmPlayground */,
				01768DD01978C5EF009499FD /* RealmPlaygroundTests */,
				01768DAA1978C5EF009499FD /* Frameworks */,
				01768DA91978C5EF009499FD /* Products */,
			);
			sourceTree = "<group>";
		};
		01768DA91978C5EF009499FD /* Products */ = {
			isa = PBXGroup;
			children = (
				01768DA81978C5EF009499FD /* RealmPlayground.app */,
				01768DC91978C5EF009499FD /* RealmPlaygroundTests.xctest */,
			);
			name = Products;
			sourceTree = "<group>";
		};
		01768DAA1978C5EF009499FD /* Frameworks */ = {
			isa = PBXGroup;
			children = (
				01768DAB1978C5EF009499FD /* Foundation.framework */,
				01768DAD1978C5EF009499FD /* CoreGraphics.framework */,
				01768DAF1978C5EF009499FD /* UIKit.framework */,
				01768DCA1978C5EF009499FD /* XCTest.framework */,
			);
			name = Frameworks;
			sourceTree = "<group>";
		};
		01768DB11978C5EF009499FD /* RealmPlayground */ = {
			isa = PBXGroup;
			children = (
				01768DBA1978C5EF009499FD /* AppDelegate.h */,
				01768DBB1978C5EF009499FD /* AppDelegate.m */,
				01768DE01978C633009499FD /* MainViewController.h */,
				01768DE11978C633009499FD /* MainViewController.m */,
				01768DE21978C633009499FD /* MainViewController.xib */,
				01768DC31978C5EF009499FD /* Images.xcassets */,
				01768DB21978C5EF009499FD /* Supporting Files */,
			);
			path = RealmPlayground;
			sourceTree = "<group>";
		};
		01768DB21978C5EF009499FD /* Supporting Files */ = {
			isa = PBXGroup;
			children = (
				01768DB31978C5EF009499FD /* RealmPlayground-Info.plist */,
				01768DB41978C5EF009499FD /* InfoPlist.strings */,
				01768DB71978C5EF009499FD /* main.m */,
				01768DB91978C5EF009499FD /* RealmPlayground-Prefix.pch */,
			);
			name = "Supporting Files";
			sourceTree = "<group>";
		};
		01768DD01978C5EF009499FD /* RealmPlaygroundTests */ = {
			isa = PBXGroup;
			children = (
				01768DD61978C5EF009499FD /* RealmPlaygroundTests.m */,
				01768DD11978C5EF009499FD /* Supporting Files */,
			);
			path = RealmPlaygroundTests;
			sourceTree = "<group>";
		};
		01768DD11978C5EF009499FD /* Supporting Files */ = {
			isa = PBXGroup;
			children = (
				01768DD21978C5EF009499FD /* RealmPlaygroundTests-Info.plist */,
				01768DD31978C5EF009499FD /* InfoPlist.strings */,
			);
			name = "Supporting Files";
			sourceTree = "<group>";
		};
/* End PBXGroup section */

/* Begin PBXNativeTarget section */
		01768DA71978C5EF009499FD /* RealmPlayground */ = {
			isa = PBXNativeTarget;
			buildConfigurationList = 01768DDA1978C5EF009499FD /* Build configuration list for PBXNativeTarget "RealmPlayground" */;
			buildPhases = (
				01768DA41978C5EF009499FD /* Sources */,
				01768DA51978C5EF009499FD /* Frameworks */,
				01768DA61978C5EF009499FD /* Resources */,
			);
			buildRules = (
			);
			dependencies = (
			);
			name = RealmPlayground;
			productName = RealmPlayground;
			productReference = 01768DA81978C5EF009499FD /* RealmPlayground.app */;
			productType = "com.apple.product-type.application";
		};
		01768DC81978C5EF009499FD /* RealmPlaygroundTests */ = {
			isa = PBXNativeTarget;
			buildConfigurationList = 01768DDD1978C5EF009499FD /* Build configuration list for PBXNativeTarget "RealmPlaygroundTests" */;
			buildPhases = (
				01768DC51978C5EF009499FD /* Sources */,
				01768DC61978C5EF009499FD /* Frameworks */,
				01768DC71978C5EF009499FD /* Resources */,
			);
			buildRules = (
			);
			dependencies = (
				01768DCF1978C5EF009499FD /* PBXTargetDependency */,
			);
			name = RealmPlaygroundTests;
			productName = RealmPlaygroundTests;
			productReference = 01768DC91978C5EF009499FD /* RealmPlaygroundTests.xctest */;
			productType = "com.apple.product-type.bundle.unit-test";
		};
/* End PBXNativeTarget section */

/* Begin PBXProject section */
		01768DA01978C5EE009499FD /* Project object */ = {
			isa = PBXProject;
			attributes = {
				LastUpgradeCheck = 0510;
				ORGANIZATIONNAME = ChilunChen;
				TargetAttributes = {
					01768DC81978C5EF009499FD = {
						TestTargetID = 01768DA71978C5EF009499FD;
					};
				};
			};
			buildConfigurationList = 01768DA31978C5EE009499FD /* Build configuration list for PBXProject "RealmPlayground" */;
			compatibilityVersion = "Xcode 3.2";
			developmentRegion = English;
			hasScannedForEncodings = 0;
			knownRegions = (
				en,
				Base,
			);
			mainGroup = 01768D9F1978C5EE009499FD;
			productRefGroup = 01768DA91978C5EF009499FD /* Products */;
			projectDirPath = "";
			projectRoot = "";
			targets = (
				01768DA71978C5EF009499FD /* RealmPlayground */,
				01768DC81978C5EF009499FD /* RealmPlaygroundTests */,
			);
		};
/* End PBXProject section */

/* Begin PBXResourcesBuildPhase section */
		01768DA61978C5EF009499FD /* Resources */ = {
			isa = PBXResourcesBuildPhase;
			buildActionMask = 2147483647;
			files = (
				01768DC41978C5EF009499FD /* Images.xcassets in Resources */,
				01768DE41978C633009499FD /* MainViewController.xib in Resources */,
				01768DB61978C5EF009499FD /* InfoPlist.strings in Resources */,
			);
			runOnlyForDeploymentPostprocessing = 0;
		};
		01768DC71978C5EF009499FD /* Resources */ = {
			isa = PBXResourcesBuildPhase;
			buildActionMask = 2147483647;
			files = (
				01768DD51978C5EF009499FD /* InfoPlist.strings in Resources */,
			);
			runOnlyForDeploymentPostprocessing = 0;
		};
/* End PBXResourcesBuildPhase section */

/* Begin PBXSourcesBuildPhase section */
		01768DA41978C5EF009499FD /* Sources */ = {
			isa = PBXSourcesBuildPhase;
			buildActionMask = 2147483647;
			files = (
				01768DBC1978C5EF009499FD /* AppDelegate.m in Sources */,
				01768DE31978C633009499FD /* MainViewController.m in Sources */,
				01768DB81978C5EF009499FD /* main.m in Sources */,
			);
			runOnlyForDeploymentPostprocessing = 0;
		};
		01768DC51978C5EF009499FD /* Sources */ = {
			isa = PBXSourcesBuildPhase;
			buildActionMask = 2147483647;
			files = (
				01768DD71978C5EF009499FD /* RealmPlaygroundTests.m in Sources */,
			);
			runOnlyForDeploymentPostprocessing = 0;
		};
/* End PBXSourcesBuildPhase section */

/* Begin PBXTargetDependency section */
		01768DCF1978C5EF009499FD /* PBXTargetDependency */ = {
			isa = PBXTargetDependency;
			target = 01768DA71978C5EF009499FD /* RealmPlayground */;
			targetProxy = 01768DCE1978C5EF009499FD /* PBXContainerItemProxy */;
		};
/* End PBXTargetDependency section */

/* Begin PBXVariantGroup section */
		01768DB41978C5EF009499FD /* InfoPlist.strings */ = {
			isa = PBXVariantGroup;
			children = (
				01768DB51978C5EF009499FD /* en */,
			);
			name = InfoPlist.strings;
			sourceTree = "<group>";
		};
		01768DD31978C5EF009499FD /* InfoPlist.strings */ = {
			isa = PBXVariantGroup;
			children = (
				01768DD41978C5EF009499FD /* en */,
			);
			name = InfoPlist.strings;
			sourceTree = "<group>";
		};
/* End PBXVariantGroup section */

/* Begin XCBuildConfiguration section */
		01768DD81978C5EF009499FD /* Debug */ = {
			isa = XCBuildConfiguration;
			buildSettings = {
				ALWAYS_SEARCH_USER_PATHS = NO;
				CLANG_CXX_LANGUAGE_STANDARD = "gnu++0x";
				CLANG_CXX_LIBRARY = "libc++";
				CLANG_ENABLE_MODULES = YES;
				CLANG_ENABLE_OBJC_ARC = YES;
				CLANG_WARN_BOOL_CONVERSION = YES;
				CLANG_WARN_CONSTANT_CONVERSION = YES;
				CLANG_WARN_DIRECT_OBJC_ISA_USAGE = YES_ERROR;
				CLANG_WARN_EMPTY_BODY = YES;
				CLANG_WARN_ENUM_CONVERSION = YES;
				CLANG_WARN_INT_CONVERSION = YES;
				CLANG_WARN_OBJC_ROOT_CLASS = YES_ERROR;
				CLANG_WARN__DUPLICATE_METHOD_MATCH = YES;
				"CODE_SIGN_IDENTITY[sdk=iphoneos*]" = "iPhone Developer";
				COPY_PHASE_STRIP = NO;
				GCC_C_LANGUAGE_STANDARD = gnu99;
				GCC_DYNAMIC_NO_PIC = NO;
				GCC_OPTIMIZATION_LEVEL = 0;
				GCC_PREPROCESSOR_DEFINITIONS = (
					"DEBUG=1",
					"$(inherited)",
				);
				GCC_SYMBOLS_PRIVATE_EXTERN = NO;
				GCC_WARN_64_TO_32_BIT_CONVERSION = YES;
				GCC_WARN_ABOUT_RETURN_TYPE = YES_ERROR;
				GCC_WARN_UNDECLARED_SELECTOR = YES;
				GCC_WARN_UNINITIALIZED_AUTOS = YES_AGGRESSIVE;
				GCC_WARN_UNUSED_FUNCTION = YES;
				GCC_WARN_UNUSED_VARIABLE = YES;
				IPHONEOS_DEPLOYMENT_TARGET = 7.1;
				ONLY_ACTIVE_ARCH = YES;
				SDKROOT = iphoneos;
			};
			name = Debug;
		};
		01768DD91978C5EF009499FD /* Release */ = {
			isa = XCBuildConfiguration;
			buildSettings = {
				ALWAYS_SEARCH_USER_PATHS = NO;
				CLANG_CXX_LANGUAGE_STANDARD = "gnu++0x";
				CLANG_CXX_LIBRARY = "libc++";
				CLANG_ENABLE_MODULES = YES;
				CLANG_ENABLE_OBJC_ARC = YES;
				CLANG_WARN_BOOL_CONVERSION = YES;
				CLANG_WARN_CONSTANT_CONVERSION = YES;
				CLANG_WARN_DIRECT_OBJC_ISA_USAGE = YES_ERROR;
				CLANG_WARN_EMPTY_BODY = YES;
				CLANG_WARN_ENUM_CONVERSION = YES;
				CLANG_WARN_INT_CONVERSION = YES;
				CLANG_WARN_OBJC_ROOT_CLASS = YES_ERROR;
				CLANG_WARN__DUPLICATE_METHOD_MATCH = YES;
				"CODE_SIGN_IDENTITY[sdk=iphoneos*]" = "iPhone Developer";
				COPY_PHASE_STRIP = YES;
				ENABLE_NS_ASSERTIONS = NO;
				GCC_C_LANGUAGE_STANDARD = gnu99;
				GCC_WARN_64_TO_32_BIT_CONVERSION = YES;
				GCC_WARN_ABOUT_RETURN_TYPE = YES_ERROR;
				GCC_WARN_UNDECLARED_SELECTOR = YES;
				GCC_WARN_UNINITIALIZED_AUTOS = YES_AGGRESSIVE;
				GCC_WARN_UNUSED_FUNCTION = YES;
				GCC_WARN_UNUSED_VARIABLE = YES;
				IPHONEOS_DEPLOYMENT_TARGET = 7.1;
				SDKROOT = iphoneos;
				VALIDATE_PRODUCT = YES;
			};
			name = Release;
		};
		01768DDB1978C5EF009499FD /* Debug */ = {
			isa = XCBuildConfiguration;
			buildSettings = {
				ASSETCATALOG_COMPILER_APPICON_NAME = AppIcon;
				ASSETCATALOG_COMPILER_LAUNCHIMAGE_NAME = LaunchImage;
				GCC_PRECOMPILE_PREFIX_HEADER = YES;
				GCC_PREFIX_HEADER = "RealmPlayground/RealmPlayground-Prefix.pch";
				INFOPLIST_FILE = "RealmPlayground/RealmPlayground-Info.plist";
				PRODUCT_NAME = "$(TARGET_NAME)";
				WRAPPER_EXTENSION = app;
			};
			name = Debug;
		};
		01768DDC1978C5EF009499FD /* Release */ = {
			isa = XCBuildConfiguration;
			buildSettings = {
				ASSETCATALOG_COMPILER_APPICON_NAME = AppIcon;
				ASSETCATALOG_COMPILER_LAUNCHIMAGE_NAME = LaunchImage;
				GCC_PRECOMPILE_PREFIX_HEADER = YES;
				GCC_PREFIX_HEADER = "RealmPlayground/RealmPlayground-Prefix.pch";
				INFOPLIST_FILE = "RealmPlayground/RealmPlayground-Info.plist";
				PRODUCT_NAME = "$(TARGET_NAME)";
				WRAPPER_EXTENSION = app;
			};
			name = Release;
		};
		01768DDE1978C5EF009499FD /* Debug */ = {
			isa = XCBuildConfiguration;
			buildSettings = {
				BUNDLE_LOADER = "$(BUILT_PRODUCTS_DIR)/RealmPlayground.app/RealmPlayground";
				FRAMEWORK_SEARCH_PATHS = (
					"$(SDKROOT)/Developer/Library/Frameworks",
					"$(inherited)",
					"$(DEVELOPER_FRAMEWORKS_DIR)",
				);
				GCC_PRECOMPILE_PREFIX_HEADER = YES;
				GCC_PREFIX_HEADER = "RealmPlayground/RealmPlayground-Prefix.pch";
				GCC_PREPROCESSOR_DEFINITIONS = (
					"DEBUG=1",
					"$(inherited)",
				);
				INFOPLIST_FILE = "RealmPlaygroundTests/RealmPlaygroundTests-Info.plist";
				PRODUCT_NAME = "$(TARGET_NAME)";
				TEST_HOST = "$(BUNDLE_LOADER)";
				WRAPPER_EXTENSION = xctest;
			};
			name = Debug;
		};
		01768DDF1978C5EF009499FD /* Release */ = {
			isa = XCBuildConfiguration;
			buildSettings = {
				BUNDLE_LOADER = "$(BUILT_PRODUCTS_DIR)/RealmPlayground.app/RealmPlayground";
				FRAMEWORK_SEARCH_PATHS = (
					"$(SDKROOT)/Developer/Library/Frameworks",
					"$(inherited)",
					"$(DEVELOPER_FRAMEWORKS_DIR)",
				);
				GCC_PRECOMPILE_PREFIX_HEADER = YES;
				GCC_PREFIX_HEADER = "RealmPlayground/RealmPlayground-Prefix.pch";
				INFOPLIST_FILE = "RealmPlaygroundTests/RealmPlaygroundTests-Info.plist";
				PRODUCT_NAME = "$(TARGET_NAME)";
				TEST_HOST = "$(BUNDLE_LOADER)";
				WRAPPER_EXTENSION = xctest;
			};
			name = Release;
		};
/* End XCBuildConfiguration section */

/* Begin XCConfigurationList section */
		01768DA31978C5EE009499FD /* Build configuration list for PBXProject "RealmPlayground" */ = {
			isa = XCConfigurationList;
			buildConfigurations = (
				01768DD81978C5EF009499FD /* Debug */,
				01768DD91978C5EF009499FD /* Release */,
			);
			defaultConfigurationIsVisible = 0;
			defaultConfigurationName = Release;
		};
		01768DDA1978C5EF009499FD /* Build configuration list for PBXNativeTarget "RealmPlayground" */ = {
			isa = XCConfigurationList;
			buildConfigurations = (
				01768DDB1978C5EF009499FD /* Debug */,
				01768DDC1978C5EF009499FD /* Release */,
			);
			defaultConfigurationIsVisible = 0;
		};
		01768DDD1978C5EF009499FD /* Build configuration list for PBXNativeTarget "RealmPlaygroundTests" */ = {
			isa = XCConfigurationList;
			buildConfigurations = (
				01768DDE1978C5EF009499FD /* Debug */,
				01768DDF1978C5EF009499FD /* Release */,
			);
			defaultConfigurationIsVisible = 0;
		};
/* End XCConfigurationList section */
	};
	rootObject = 01768DA01978C5EE009499FD /* Project object */;
}
