// !$*UTF8*$!
{
	archiveVersion = 1;
	classes = {
	};
	objectVersion = 46;
	objects = {

/* Begin PBXBuildFile section */
		011FFA6219790F9F003A54D0 /* RealmInterface.m in Sources */ = {isa = PBXBuildFile; fileRef = 011FFA6119790F9F003A54D0 /* RealmInterface.m */; };
		012C0FAA1978CDC600CF6672 /* AddContactViewController.m in Sources */ = {isa = PBXBuildFile; fileRef = 012C0FA81978CDC600CF6672 /* AddContactViewController.m */; };
		012C0FAB1978CDC600CF6672 /* AddContactViewController.xib in Resources */ = {isa = PBXBuildFile; fileRef = 012C0FA91978CDC600CF6672 /* AddContactViewController.xib */; };
		0141BB791978D1A800FE45A0 /* AddContactViewController+UIImagePickerHandler.m in Sources */ = {isa = PBXBuildFile; fileRef = 0141BB781978D1A800FE45A0 /* AddContactViewController+UIImagePickerHandler.m */; };
		0141BB821978F22A00FE45A0 /* JVFloatLabeledTextField.m in Sources */ = {isa = PBXBuildFile; fileRef = 0141BB7D1978F22A00FE45A0 /* JVFloatLabeledTextField.m */; };
		0141BB831978F22A00FE45A0 /* JVFloatLabeledTextView.m in Sources */ = {isa = PBXBuildFile; fileRef = 0141BB7F1978F22A00FE45A0 /* JVFloatLabeledTextView.m */; };
		0141BB841978F22A00FE45A0 /* NSString+TextDirectionality.m in Sources */ = {isa = PBXBuildFile; fileRef = 0141BB811978F22A00FE45A0 /* NSString+TextDirectionality.m */; };
		0141BB8E1978FA4E00FE45A0 /* DaiDodgeKeyboard+AccessObject.m in Sources */ = {isa = PBXBuildFile; fileRef = 0141BB871978FA4E00FE45A0 /* DaiDodgeKeyboard+AccessObject.m */; };
		0141BB8F1978FA4E00FE45A0 /* DaiDodgeKeyboard+Animation.m in Sources */ = {isa = PBXBuildFile; fileRef = 0141BB891978FA4E00FE45A0 /* DaiDodgeKeyboard+Animation.m */; };
		0141BB901978FA4E00FE45A0 /* DaiDodgeKeyboard.m in Sources */ = {isa = PBXBuildFile; fileRef = 0141BB8B1978FA4E00FE45A0 /* DaiDodgeKeyboard.m */; };
		0141BB911978FA4E00FE45A0 /* UIView+FirstResponderNotify.m in Sources */ = {isa = PBXBuildFile; fileRef = 0141BB8D1978FA4E00FE45A0 /* UIView+FirstResponderNotify.m */; };
		0141BB941978FA8200FE45A0 /* AddContactViewController+TextFieldHandler.m in Sources */ = {isa = PBXBuildFile; fileRef = 0141BB931978FA8200FE45A0 /* AddContactViewController+TextFieldHandler.m */; };
		0141BB9719790B5000FE45A0 /* AddContactViewController+Components.m in Sources */ = {isa = PBXBuildFile; fileRef = 0141BB9619790B5000FE45A0 /* AddContactViewController+Components.m */; };
		01768DAC1978C5EF009499FD /* Foundation.framework in Frameworks */ = {isa = PBXBuildFile; fileRef = 01768DAB1978C5EF009499FD /* Foundation.framework */; };
		01768DAE1978C5EF009499FD /* CoreGraphics.framework in Frameworks */ = {isa = PBXBuildFile; fileRef = 01768DAD1978C5EF009499FD /* CoreGraphics.framework */; };
		01768DB01978C5EF009499FD /* UIKit.framework in Frameworks */ = {isa = PBXBuildFile; fileRef = 01768DAF1978C5EF009499FD /* UIKit.framework */; };
		01768DB61978C5EF009499FD /* InfoPlist.strings in Resources */ = {isa = PBXBuildFile; fileRef = 01768DB41978C5EF009499FD /* InfoPlist.strings */; };
		01768DB81978C5EF009499FD /* main.m in Sources */ = {isa = PBXBuildFile; fileRef = 01768DB71978C5EF009499FD /* main.m */; };
		01768DBC1978C5EF009499FD /* AppDelegate.m in Sources */ = {isa = PBXBuildFile; fileRef = 01768DBB1978C5EF009499FD /* AppDelegate.m */; };
		01768DC41978C5EF009499FD /* Images.xcassets in Resources */ = {isa = PBXBuildFile; fileRef = 01768DC31978C5EF009499FD /* Images.xcassets */; };
		01768DCB1978C5EF009499FD /* XCTest.framework in Frameworks */ = {isa = PBXBuildFile; fileRef = 01768DCA1978C5EF009499FD /* XCTest.framework */; };
		01768DCC1978C5EF009499FD /* Foundation.framework in Frameworks */ = {isa = PBXBuildFile; fileRef = 01768DAB1978C5EF009499FD /* Foundation.framework */; };
		01768DCD1978C5EF009499FD /* UIKit.framework in Frameworks */ = {isa = PBXBuildFile; fileRef = 01768DAF1978C5EF009499FD /* UIKit.framework */; };
		01768DD51978C5EF009499FD /* InfoPlist.strings in Resources */ = {isa = PBXBuildFile; fileRef = 01768DD31978C5EF009499FD /* InfoPlist.strings */; };
		01768DD71978C5EF009499FD /* RealmPlaygroundTests.m in Sources */ = {isa = PBXBuildFile; fileRef = 01768DD61978C5EF009499FD /* RealmPlaygroundTests.m */; };
		0197B6041978C9E7001DF7F5 /* AddressBook.m in Sources */ = {isa = PBXBuildFile; fileRef = 0197B6031978C9E7001DF7F5 /* AddressBook.m */; };
		0197B6091978CCDE001DF7F5 /* MainViewController.m in Sources */ = {isa = PBXBuildFile; fileRef = 0197B6071978CCDE001DF7F5 /* MainViewController.m */; };
		0197B60A1978CCDE001DF7F5 /* MainViewController.xib in Resources */ = {isa = PBXBuildFile; fileRef = 0197B6081978CCDE001DF7F5 /* MainViewController.xib */; };
		31357B8CC04341F78DFCDE78 /* libPods.a in Frameworks */ = {isa = PBXBuildFile; fileRef = 73C2D3BFE7174BF4A0C8E8BA /* libPods.a */; };
/* End PBXBuildFile section */

/* Begin PBXContainerItemProxy section */
		01768DCE1978C5EF009499FD /* PBXContainerItemProxy */ = {
			isa = PBXContainerItemProxy;
			containerPortal = 01768DA01978C5EE009499FD /* Project object */;
			proxyType = 1;
			remoteGlobalIDString = 01768DA71978C5EF009499FD;
			remoteInfo = RealmPlayground;
		};
/* End PBXContainerItemProxy section */

/* Begin PBXFileReference section */
		011FFA6019790F9F003A54D0 /* RealmInterface.h */ = {isa = PBXFileReference; fileEncoding = 4; lastKnownFileType = sourcecode.c.h; name = RealmInterface.h; path = Common/RealmInterface.h; sourceTree = "<group>"; };
		011FFA6119790F9F003A54D0 /* RealmInterface.m */ = {isa = PBXFileReference; fileEncoding = 4; lastKnownFileType = sourcecode.c.objc; name = RealmInterface.m; path = Common/RealmInterface.m; sourceTree = "<group>"; };
		012C0FA71978CDC600CF6672 /* AddContactViewController.h */ = {isa = PBXFileReference; fileEncoding = 4; lastKnownFileType = sourcecode.c.h; name = AddContactViewController.h; path = AddContactViewController/AddContactViewController.h; sourceTree = "<group>"; };
		012C0FA81978CDC600CF6672 /* AddContactViewController.m */ = {isa = PBXFileReference; fileEncoding = 4; lastKnownFileType = sourcecode.c.objc; name = AddContactViewController.m; path = AddContactViewController/AddContactViewController.m; sourceTree = "<group>"; };
		012C0FA91978CDC600CF6672 /* AddContactViewController.xib */ = {isa = PBXFileReference; fileEncoding = 4; lastKnownFileType = file.xib; name = AddContactViewController.xib; path = AddContactViewController/AddContactViewController.xib; sourceTree = "<group>"; };
		0141BB771978D1A800FE45A0 /* AddContactViewController+UIImagePickerHandler.h */ = {isa = PBXFileReference; fileEncoding = 4; lastKnownFileType = sourcecode.c.h; name = "AddContactViewController+UIImagePickerHandler.h"; path = "AddContactViewController/AddContactViewController+UIImagePickerHandler.h"; sourceTree = "<group>"; };
		0141BB781978D1A800FE45A0 /* AddContactViewController+UIImagePickerHandler.m */ = {isa = PBXFileReference; fileEncoding = 4; lastKnownFileType = sourcecode.c.objc; name = "AddContactViewController+UIImagePickerHandler.m"; path = "AddContactViewController/AddContactViewController+UIImagePickerHandler.m"; sourceTree = "<group>"; };
		0141BB7C1978F22A00FE45A0 /* JVFloatLabeledTextField.h */ = {isa = PBXFileReference; fileEncoding = 4; lastKnownFileType = sourcecode.c.h; path = JVFloatLabeledTextField.h; sourceTree = "<group>"; };
		0141BB7D1978F22A00FE45A0 /* JVFloatLabeledTextField.m */ = {isa = PBXFileReference; fileEncoding = 4; lastKnownFileType = sourcecode.c.objc; path = JVFloatLabeledTextField.m; sourceTree = "<group>"; };
		0141BB7E1978F22A00FE45A0 /* JVFloatLabeledTextView.h */ = {isa = PBXFileReference; fileEncoding = 4; lastKnownFileType = sourcecode.c.h; path = JVFloatLabeledTextView.h; sourceTree = "<group>"; };
		0141BB7F1978F22A00FE45A0 /* JVFloatLabeledTextView.m */ = {isa = PBXFileReference; fileEncoding = 4; lastKnownFileType = sourcecode.c.objc; path = JVFloatLabeledTextView.m; sourceTree = "<group>"; };
		0141BB801978F22A00FE45A0 /* NSString+TextDirectionality.h */ = {isa = PBXFileReference; fileEncoding = 4; lastKnownFileType = sourcecode.c.h; path = "NSString+TextDirectionality.h"; sourceTree = "<group>"; };
		0141BB811978F22A00FE45A0 /* NSString+TextDirectionality.m */ = {isa = PBXFileReference; fileEncoding = 4; lastKnownFileType = sourcecode.c.objc; path = "NSString+TextDirectionality.m"; sourceTree = "<group>"; };
		0141BB861978FA4E00FE45A0 /* DaiDodgeKeyboard+AccessObject.h */ = {isa = PBXFileReference; fileEncoding = 4; lastKnownFileType = sourcecode.c.h; path = "DaiDodgeKeyboard+AccessObject.h"; sourceTree = "<group>"; };
		0141BB871978FA4E00FE45A0 /* DaiDodgeKeyboard+AccessObject.m */ = {isa = PBXFileReference; fileEncoding = 4; lastKnownFileType = sourcecode.c.objc; path = "DaiDodgeKeyboard+AccessObject.m"; sourceTree = "<group>"; };
		0141BB881978FA4E00FE45A0 /* DaiDodgeKeyboard+Animation.h */ = {isa = PBXFileReference; fileEncoding = 4; lastKnownFileType = sourcecode.c.h; path = "DaiDodgeKeyboard+Animation.h"; sourceTree = "<group>"; };
		0141BB891978FA4E00FE45A0 /* DaiDodgeKeyboard+Animation.m */ = {isa = PBXFileReference; fileEncoding = 4; lastKnownFileType = sourcecode.c.objc; path = "DaiDodgeKeyboard+Animation.m"; sourceTree = "<group>"; };
		0141BB8A1978FA4E00FE45A0 /* DaiDodgeKeyboard.h */ = {isa = PBXFileReference; fileEncoding = 4; lastKnownFileType = sourcecode.c.h; path = DaiDodgeKeyboard.h; sourceTree = "<group>"; };
		0141BB8B1978FA4E00FE45A0 /* DaiDodgeKeyboard.m */ = {isa = PBXFileReference; fileEncoding = 4; lastKnownFileType = sourcecode.c.objc; path = DaiDodgeKeyboard.m; sourceTree = "<group>"; };
		0141BB8C1978FA4E00FE45A0 /* UIView+FirstResponderNotify.h */ = {isa = PBXFileReference; fileEncoding = 4; lastKnownFileType = sourcecode.c.h; path = "UIView+FirstResponderNotify.h"; sourceTree = "<group>"; };
		0141BB8D1978FA4E00FE45A0 /* UIView+FirstResponderNotify.m */ = {isa = PBXFileReference; fileEncoding = 4; lastKnownFileType = sourcecode.c.objc; path = "UIView+FirstResponderNotify.m"; sourceTree = "<group>"; };
		0141BB921978FA8200FE45A0 /* AddContactViewController+TextFieldHandler.h */ = {isa = PBXFileReference; fileEncoding = 4; lastKnownFileType = sourcecode.c.h; name = "AddContactViewController+TextFieldHandler.h"; path = "AddContactViewController/AddContactViewController+TextFieldHandler.h"; sourceTree = "<group>"; };
		0141BB931978FA8200FE45A0 /* AddContactViewController+TextFieldHandler.m */ = {isa = PBXFileReference; fileEncoding = 4; lastKnownFileType = sourcecode.c.objc; name = "AddContactViewController+TextFieldHandler.m"; path = "AddContactViewController/AddContactViewController+TextFieldHandler.m"; sourceTree = "<group>"; };
		0141BB9519790B5000FE45A0 /* AddContactViewController+Components.h */ = {isa = PBXFileReference; fileEncoding = 4; lastKnownFileType = sourcecode.c.h; name = "AddContactViewController+Components.h"; path = "AddContactViewController/AddContactViewController+Components.h"; sourceTree = "<group>"; };
		0141BB9619790B5000FE45A0 /* AddContactViewController+Components.m */ = {isa = PBXFileReference; fileEncoding = 4; lastKnownFileType = sourcecode.c.objc; name = "AddContactViewController+Components.m"; path = "AddContactViewController/AddContactViewController+Components.m"; sourceTree = "<group>"; };
		01768DA81978C5EF009499FD /* RealmPlayground.app */ = {isa = PBXFileReference; explicitFileType = wrapper.application; includeInIndex = 0; path = RealmPlayground.app; sourceTree = BUILT_PRODUCTS_DIR; };
		01768DAB1978C5EF009499FD /* Foundation.framework */ = {isa = PBXFileReference; lastKnownFileType = wrapper.framework; name = Foundation.framework; path = System/Library/Frameworks/Foundation.framework; sourceTree = SDKROOT; };
		01768DAD1978C5EF009499FD /* CoreGraphics.framework */ = {isa = PBXFileReference; lastKnownFileType = wrapper.framework; name = CoreGraphics.framework; path = System/Library/Frameworks/CoreGraphics.framework; sourceTree = SDKROOT; };
		01768DAF1978C5EF009499FD /* UIKit.framework */ = {isa = PBXFileReference; lastKnownFileType = wrapper.framework; name = UIKit.framework; path = System/Library/Frameworks/UIKit.framework; sourceTree = SDKROOT; };
		01768DB31978C5EF009499FD /* RealmPlayground-Info.plist */ = {isa = PBXFileReference; lastKnownFileType = text.plist.xml; path = "RealmPlayground-Info.plist"; sourceTree = "<group>"; };
		01768DB51978C5EF009499FD /* en */ = {isa = PBXFileReference; lastKnownFileType = text.plist.strings; name = en; path = en.lproj/InfoPlist.strings; sourceTree = "<group>"; };
		01768DB71978C5EF009499FD /* main.m */ = {isa = PBXFileReference; lastKnownFileType = sourcecode.c.objc; path = main.m; sourceTree = "<group>"; };
		01768DB91978C5EF009499FD /* RealmPlayground-Prefix.pch */ = {isa = PBXFileReference; lastKnownFileType = sourcecode.c.h; path = "RealmPlayground-Prefix.pch"; sourceTree = "<group>"; };
		01768DBA1978C5EF009499FD /* AppDelegate.h */ = {isa = PBXFileReference; lastKnownFileType = sourcecode.c.h; path = AppDelegate.h; sourceTree = "<group>"; };
		01768DBB1978C5EF009499FD /* AppDelegate.m */ = {isa = PBXFileReference; lastKnownFileType = sourcecode.c.objc; path = AppDelegate.m; sourceTree = "<group>"; };
		01768DC31978C5EF009499FD /* Images.xcassets */ = {isa = PBXFileReference; lastKnownFileType = folder.assetcatalog; path = Images.xcassets; sourceTree = "<group>"; };
		01768DC91978C5EF009499FD /* RealmPlaygroundTests.xctest */ = {isa = PBXFileReference; explicitFileType = wrapper.cfbundle; includeInIndex = 0; path = RealmPlaygroundTests.xctest; sourceTree = BUILT_PRODUCTS_DIR; };
		01768DCA1978C5EF009499FD /* XCTest.framework */ = {isa = PBXFileReference; lastKnownFileType = wrapper.framework; name = XCTest.framework; path = Library/Frameworks/XCTest.framework; sourceTree = DEVELOPER_DIR; };
		01768DD21978C5EF009499FD /* RealmPlaygroundTests-Info.plist */ = {isa = PBXFileReference; lastKnownFileType = text.plist.xml; path = "RealmPlaygroundTests-Info.plist"; sourceTree = "<group>"; };
		01768DD41978C5EF009499FD /* en */ = {isa = PBXFileReference; lastKnownFileType = text.plist.strings; name = en; path = en.lproj/InfoPlist.strings; sourceTree = "<group>"; };
		01768DD61978C5EF009499FD /* RealmPlaygroundTests.m */ = {isa = PBXFileReference; lastKnownFileType = sourcecode.c.objc; path = RealmPlaygroundTests.m; sourceTree = "<group>"; };
		0197B6021978C9E7001DF7F5 /* AddressBook.h */ = {isa = PBXFileReference; fileEncoding = 4; lastKnownFileType = sourcecode.c.h; name = AddressBook.h; path = RealmModel/AddressBook.h; sourceTree = "<group>"; };
		0197B6031978C9E7001DF7F5 /* AddressBook.m */ = {isa = PBXFileReference; fileEncoding = 4; lastKnownFileType = sourcecode.c.objc; name = AddressBook.m; path = RealmModel/AddressBook.m; sourceTree = "<group>"; };
		0197B6061978CCDE001DF7F5 /* MainViewController.h */ = {isa = PBXFileReference; fileEncoding = 4; lastKnownFileType = sourcecode.c.h; name = MainViewController.h; path = MainViewController/MainViewController.h; sourceTree = "<group>"; };
		0197B6071978CCDE001DF7F5 /* MainViewController.m */ = {isa = PBXFileReference; fileEncoding = 4; lastKnownFileType = sourcecode.c.objc; name = MainViewController.m; path = MainViewController/MainViewController.m; sourceTree = "<group>"; };
		0197B6081978CCDE001DF7F5 /* MainViewController.xib */ = {isa = PBXFileReference; fileEncoding = 4; lastKnownFileType = file.xib; name = MainViewController.xib; path = MainViewController/MainViewController.xib; sourceTree = "<group>"; };
		73C2D3BFE7174BF4A0C8E8BA /* libPods.a */ = {isa = PBXFileReference; explicitFileType = archive.ar; includeInIndex = 0; path = libPods.a; sourceTree = BUILT_PRODUCTS_DIR; };
		C370C497F5A54BFD92E60FEE /* Pods.xcconfig */ = {isa = PBXFileReference; includeInIndex = 1; lastKnownFileType = text.xcconfig; name = Pods.xcconfig; path = Pods/Pods.xcconfig; sourceTree = "<group>"; };
/* End PBXFileReference section */

/* Begin PBXFrameworksBuildPhase section */
		01768DA51978C5EF009499FD /* Frameworks */ = {
			isa = PBXFrameworksBuildPhase;
			buildActionMask = 2147483647;
			files = (
				01768DAE1978C5EF009499FD /* CoreGraphics.framework in Frameworks */,
				01768DB01978C5EF009499FD /* UIKit.framework in Frameworks */,
				01768DAC1978C5EF009499FD /* Foundation.framework in Frameworks */,
				31357B8CC04341F78DFCDE78 /* libPods.a in Frameworks */,
			);
			runOnlyForDeploymentPostprocessing = 0;
		};
		01768DC61978C5EF009499FD /* Frameworks */ = {
			isa = PBXFrameworksBuildPhase;
			buildActionMask = 2147483647;
			files = (
				01768DCB1978C5EF009499FD /* XCTest.framework in Frameworks */,
				01768DCD1978C5EF009499FD /* UIKit.framework in Frameworks */,
				01768DCC1978C5EF009499FD /* Foundation.framework in Frameworks */,
			);
			runOnlyForDeploymentPostprocessing = 0;
		};
/* End PBXFrameworksBuildPhase section */

/* Begin PBXGroup section */
		011FFA5F19790F56003A54D0 /* Common */ = {
			isa = PBXGroup;
			children = (
				011FFA6019790F9F003A54D0 /* RealmInterface.h */,
				011FFA6119790F9F003A54D0 /* RealmInterface.m */,
			);
			name = Common;
			sourceTree = "<group>";
		};
		012C0FA61978CD4C00CF6672 /* AddContactViewController */ = {
			isa = PBXGroup;
			children = (
				012C0FA71978CDC600CF6672 /* AddContactViewController.h */,
				012C0FA81978CDC600CF6672 /* AddContactViewController.m */,
				012C0FA91978CDC600CF6672 /* AddContactViewController.xib */,
				0141BB771978D1A800FE45A0 /* AddContactViewController+UIImagePickerHandler.h */,
				0141BB781978D1A800FE45A0 /* AddContactViewController+UIImagePickerHandler.m */,
				0141BB921978FA8200FE45A0 /* AddContactViewController+TextFieldHandler.h */,
				0141BB931978FA8200FE45A0 /* AddContactViewController+TextFieldHandler.m */,
				0141BB9519790B5000FE45A0 /* AddContactViewController+Components.h */,
				0141BB9619790B5000FE45A0 /* AddContactViewController+Components.m */,
			);
			name = AddContactViewController;
			sourceTree = "<group>";
		};
		0141BB7A1978F1EF00FE45A0 /* ThirdParty */ = {
			isa = PBXGroup;
			children = (
				0141BB851978FA4E00FE45A0 /* DaiDodgeKeyboard */,
				0141BB7B1978F22A00FE45A0 /* JVFloatLabeledTextField */,
			);
			name = ThirdParty;
			sourceTree = "<group>";
		};
		0141BB7B1978F22A00FE45A0 /* JVFloatLabeledTextField */ = {
			isa = PBXGroup;
			children = (
				0141BB7C1978F22A00FE45A0 /* JVFloatLabeledTextField.h */,
				0141BB7D1978F22A00FE45A0 /* JVFloatLabeledTextField.m */,
				0141BB7E1978F22A00FE45A0 /* JVFloatLabeledTextView.h */,
				0141BB7F1978F22A00FE45A0 /* JVFloatLabeledTextView.m */,
				0141BB801978F22A00FE45A0 /* NSString+TextDirectionality.h */,
				0141BB811978F22A00FE45A0 /* NSString+TextDirectionality.m */,
			);
			name = JVFloatLabeledTextField;
			path = ThirdParty/JVFloatLabeledTextField;
			sourceTree = "<group>";
		};
		0141BB851978FA4E00FE45A0 /* DaiDodgeKeyboard */ = {
			isa = PBXGroup;
			children = (
				0141BB861978FA4E00FE45A0 /* DaiDodgeKeyboard+AccessObject.h */,
				0141BB871978FA4E00FE45A0 /* DaiDodgeKeyboard+AccessObject.m */,
				0141BB881978FA4E00FE45A0 /* DaiDodgeKeyboard+Animation.h */,
				0141BB891978FA4E00FE45A0 /* DaiDodgeKeyboard+Animation.m */,
				0141BB8A1978FA4E00FE45A0 /* DaiDodgeKeyboard.h */,
				0141BB8B1978FA4E00FE45A0 /* DaiDodgeKeyboard.m */,
				0141BB8C1978FA4E00FE45A0 /* UIView+FirstResponderNotify.h */,
				0141BB8D1978FA4E00FE45A0 /* UIView+FirstResponderNotify.m */,
			);
			name = DaiDodgeKeyboard;
			path = ThirdParty/DaiDodgeKeyboard;
			sourceTree = "<group>";
		};
		01768D9F1978C5EE009499FD = {
			isa = PBXGroup;
			children = (
				01768DB11978C5EF009499FD /* RealmPlayground */,
				01768DD01978C5EF009499FD /* RealmPlaygroundTests */,
				01768DAA1978C5EF009499FD /* Frameworks */,
				01768DA91978C5EF009499FD /* Products */,
				C370C497F5A54BFD92E60FEE /* Pods.xcconfig */,
			);
			sourceTree = "<group>";
		};
		01768DA91978C5EF009499FD /* Products */ = {
			isa = PBXGroup;
			children = (
				01768DA81978C5EF009499FD /* RealmPlayground.app */,
				01768DC91978C5EF009499FD /* RealmPlaygroundTests.xctest */,
			);
			name = Products;
			sourceTree = "<group>";
		};
		01768DAA1978C5EF009499FD /* Frameworks */ = {
			isa = PBXGroup;
			children = (
				01768DAB1978C5EF009499FD /* Foundation.framework */,
				01768DAD1978C5EF009499FD /* CoreGraphics.framework */,
				01768DAF1978C5EF009499FD /* UIKit.framework */,
				01768DCA1978C5EF009499FD /* XCTest.framework */,
				73C2D3BFE7174BF4A0C8E8BA /* libPods.a */,
			);
			name = Frameworks;
			sourceTree = "<group>";
		};
		01768DB11978C5EF009499FD /* RealmPlayground */ = {
			isa = PBXGroup;
			children = (
				0141BB7A1978F1EF00FE45A0 /* ThirdParty */,
				0197B6011978C983001DF7F5 /* RealmModel */,
				011FFA5F19790F56003A54D0 /* Common */,
				01768DBA1978C5EF009499FD /* AppDelegate.h */,
				01768DBB1978C5EF009499FD /* AppDelegate.m */,
				0197B6051978CCCA001DF7F5 /* MainViewController */,
				012C0FA61978CD4C00CF6672 /* AddContactViewController */,
				01768DC31978C5EF009499FD /* Images.xcassets */,
				01768DB21978C5EF009499FD /* Supporting Files */,
			);
			path = RealmPlayground;
			sourceTree = "<group>";
		};
		01768DB21978C5EF009499FD /* Supporting Files */ = {
			isa = PBXGroup;
			children = (
				01768DB31978C5EF009499FD /* RealmPlayground-Info.plist */,
				01768DB41978C5EF009499FD /* InfoPlist.strings */,
				01768DB71978C5EF009499FD /* main.m */,
				01768DB91978C5EF009499FD /* RealmPlayground-Prefix.pch */,
			);
			name = "Supporting Files";
			sourceTree = "<group>";
		};
		01768DD01978C5EF009499FD /* RealmPlaygroundTests */ = {
			isa = PBXGroup;
			children = (
				01768DD61978C5EF009499FD /* RealmPlaygroundTests.m */,
				01768DD11978C5EF009499FD /* Supporting Files */,
			);
			path = RealmPlaygroundTests;
			sourceTree = "<group>";
		};
		01768DD11978C5EF009499FD /* Supporting Files */ = {
			isa = PBXGroup;
			children = (
				01768DD21978C5EF009499FD /* RealmPlaygroundTests-Info.plist */,
				01768DD31978C5EF009499FD /* InfoPlist.strings */,
			);
			name = "Supporting Files";
			sourceTree = "<group>";
		};
		0197B6011978C983001DF7F5 /* RealmModel */ = {
			isa = PBXGroup;
			children = (
				0197B6021978C9E7001DF7F5 /* AddressBook.h */,
				0197B6031978C9E7001DF7F5 /* AddressBook.m */,
			);
			name = RealmModel;
			sourceTree = "<group>";
		};
		0197B6051978CCCA001DF7F5 /* MainViewController */ = {
			isa = PBXGroup;
			children = (
				0197B6061978CCDE001DF7F5 /* MainViewController.h */,
				0197B6071978CCDE001DF7F5 /* MainViewController.m */,
				0197B6081978CCDE001DF7F5 /* MainViewController.xib */,
			);
			name = MainViewController;
			sourceTree = "<group>";
		};
/* End PBXGroup section */

/* Begin PBXNativeTarget section */
		01768DA71978C5EF009499FD /* RealmPlayground */ = {
			isa = PBXNativeTarget;
			buildConfigurationList = 01768DDA1978C5EF009499FD /* Build configuration list for PBXNativeTarget "RealmPlayground" */;
			buildPhases = (
				1667B063FD0145D889DD3562 /* Check Pods Manifest.lock */,
				01768DA41978C5EF009499FD /* Sources */,
				01768DA51978C5EF009499FD /* Frameworks */,
				01768DA61978C5EF009499FD /* Resources */,
				F5F7B04C28EB42FB874860DF /* Copy Pods Resources */,
			);
			buildRules = (
			);
			dependencies = (
			);
			name = RealmPlayground;
			productName = RealmPlayground;
			productReference = 01768DA81978C5EF009499FD /* RealmPlayground.app */;
			productType = "com.apple.product-type.application";
		};
		01768DC81978C5EF009499FD /* RealmPlaygroundTests */ = {
			isa = PBXNativeTarget;
			buildConfigurationList = 01768DDD1978C5EF009499FD /* Build configuration list for PBXNativeTarget "RealmPlaygroundTests" */;
			buildPhases = (
				01768DC51978C5EF009499FD /* Sources */,
				01768DC61978C5EF009499FD /* Frameworks */,
				01768DC71978C5EF009499FD /* Resources */,
			);
			buildRules = (
			);
			dependencies = (
				01768DCF1978C5EF009499FD /* PBXTargetDependency */,
			);
			name = RealmPlaygroundTests;
			productName = RealmPlaygroundTests;
			productReference = 01768DC91978C5EF009499FD /* RealmPlaygroundTests.xctest */;
			productType = "com.apple.product-type.bundle.unit-test";
		};
/* End PBXNativeTarget section */

/* Begin PBXProject section */
		01768DA01978C5EE009499FD /* Project object */ = {
			isa = PBXProject;
			attributes = {
				LastUpgradeCheck = 0510;
				ORGANIZATIONNAME = ChilunChen;
				TargetAttributes = {
					01768DC81978C5EF009499FD = {
						TestTargetID = 01768DA71978C5EF009499FD;
					};
				};
			};
			buildConfigurationList = 01768DA31978C5EE009499FD /* Build configuration list for PBXProject "RealmPlayground" */;
			compatibilityVersion = "Xcode 3.2";
			developmentRegion = English;
			hasScannedForEncodings = 0;
			knownRegions = (
				en,
				Base,
			);
			mainGroup = 01768D9F1978C5EE009499FD;
			productRefGroup = 01768DA91978C5EF009499FD /* Products */;
			projectDirPath = "";
			projectRoot = "";
			targets = (
				01768DA71978C5EF009499FD /* RealmPlayground */,
				01768DC81978C5EF009499FD /* RealmPlaygroundTests */,
			);
		};
/* End PBXProject section */

/* Begin PBXResourcesBuildPhase section */
		01768DA61978C5EF009499FD /* Resources */ = {
			isa = PBXResourcesBuildPhase;
			buildActionMask = 2147483647;
			files = (
				01768DC41978C5EF009499FD /* Images.xcassets in Resources */,
				012C0FAB1978CDC600CF6672 /* AddContactViewController.xib in Resources */,
				0197B60A1978CCDE001DF7F5 /* MainViewController.xib in Resources */,
				01768DB61978C5EF009499FD /* InfoPlist.strings in Resources */,
			);
			runOnlyForDeploymentPostprocessing = 0;
		};
		01768DC71978C5EF009499FD /* Resources */ = {
			isa = PBXResourcesBuildPhase;
			buildActionMask = 2147483647;
			files = (
				01768DD51978C5EF009499FD /* InfoPlist.strings in Resources */,
			);
			runOnlyForDeploymentPostprocessing = 0;
		};
/* End PBXResourcesBuildPhase section */

/* Begin PBXShellScriptBuildPhase section */
		1667B063FD0145D889DD3562 /* Check Pods Manifest.lock */ = {
			isa = PBXShellScriptBuildPhase;
			buildActionMask = 2147483647;
			files = (
			);
			inputPaths = (
			);
			name = "Check Pods Manifest.lock";
			outputPaths = (
			);
			runOnlyForDeploymentPostprocessing = 0;
			shellPath = /bin/sh;
			shellScript = "diff \"${PODS_ROOT}/../Podfile.lock\" \"${PODS_ROOT}/Manifest.lock\" > /dev/null\nif [[ $? != 0 ]] ; then\n    cat << EOM\nerror: The sandbox is not in sync with the Podfile.lock. Run 'pod install' or update your CocoaPods installation.\nEOM\n    exit 1\nfi\n";
			showEnvVarsInLog = 0;
		};
		F5F7B04C28EB42FB874860DF /* Copy Pods Resources */ = {
			isa = PBXShellScriptBuildPhase;
			buildActionMask = 2147483647;
			files = (
			);
			inputPaths = (
			);
			name = "Copy Pods Resources";
			outputPaths = (
			);
			runOnlyForDeploymentPostprocessing = 0;
			shellPath = /bin/sh;
			shellScript = "\"${SRCROOT}/Pods/Pods-resources.sh\"\n";
			showEnvVarsInLog = 0;
		};
/* End PBXShellScriptBuildPhase section */

/* Begin PBXSourcesBuildPhase section */
		01768DA41978C5EF009499FD /* Sources */ = {
			isa = PBXSourcesBuildPhase;
			buildActionMask = 2147483647;
			files = (
				0141BB941978FA8200FE45A0 /* AddContactViewController+TextFieldHandler.m in Sources */,
				01768DBC1978C5EF009499FD /* AppDelegate.m in Sources */,
				0197B6041978C9E7001DF7F5 /* AddressBook.m in Sources */,
				0141BB911978FA4E00FE45A0 /* UIView+FirstResponderNotify.m in Sources */,
				0141BB8E1978FA4E00FE45A0 /* DaiDodgeKeyboard+AccessObject.m in Sources */,
				0141BB901978FA4E00FE45A0 /* DaiDodgeKeyboard.m in Sources */,
				0141BB841978F22A00FE45A0 /* NSString+TextDirectionality.m in Sources */,
				0141BB831978F22A00FE45A0 /* JVFloatLabeledTextView.m in Sources */,
				01768DB81978C5EF009499FD /* main.m in Sources */,
				0141BB8F1978FA4E00FE45A0 /* DaiDodgeKeyboard+Animation.m in Sources */,
				0141BB9719790B5000FE45A0 /* AddContactViewController+Components.m in Sources */,
				012C0FAA1978CDC600CF6672 /* AddContactViewController.m in Sources */,
				0141BB821978F22A00FE45A0 /* JVFloatLabeledTextField.m in Sources */,
				011FFA6219790F9F003A54D0 /* RealmInterface.m in Sources */,
				0141BB791978D1A800FE45A0 /* AddContactViewController+UIImagePickerHandler.m in Sources */,
				0197B6091978CCDE001DF7F5 /* MainViewController.m in Sources */,
			);
			runOnlyForDeploymentPostprocessing = 0;
		};
		01768DC51978C5EF009499FD /* Sources */ = {
			isa = PBXSourcesBuildPhase;
			buildActionMask = 2147483647;
			files = (
				01768DD71978C5EF009499FD /* RealmPlaygroundTests.m in Sources */,
			);
			runOnlyForDeploymentPostprocessing = 0;
		};
/* End PBXSourcesBuildPhase section */

/* Begin PBXTargetDependency section */
		01768DCF1978C5EF009499FD /* PBXTargetDependency */ = {
			isa = PBXTargetDependency;
			target = 01768DA71978C5EF009499FD /* RealmPlayground */;
			targetProxy = 01768DCE1978C5EF009499FD /* PBXContainerItemProxy */;
		};
/* End PBXTargetDependency section */

/* Begin PBXVariantGroup section */
		01768DB41978C5EF009499FD /* InfoPlist.strings */ = {
			isa = PBXVariantGroup;
			children = (
				01768DB51978C5EF009499FD /* en */,
			);
			name = InfoPlist.strings;
			sourceTree = "<group>";
		};
		01768DD31978C5EF009499FD /* InfoPlist.strings */ = {
			isa = PBXVariantGroup;
			children = (
				01768DD41978C5EF009499FD /* en */,
			);
			name = InfoPlist.strings;
			sourceTree = "<group>";
		};
/* End PBXVariantGroup section */

/* Begin XCBuildConfiguration section */
		01768DD81978C5EF009499FD /* Debug */ = {
			isa = XCBuildConfiguration;
			buildSettings = {
				ALWAYS_SEARCH_USER_PATHS = NO;
				CLANG_CXX_LANGUAGE_STANDARD = "gnu++0x";
				CLANG_CXX_LIBRARY = "libc++";
				CLANG_ENABLE_MODULES = YES;
				CLANG_ENABLE_OBJC_ARC = YES;
				CLANG_WARN_BOOL_CONVERSION = YES;
				CLANG_WARN_CONSTANT_CONVERSION = YES;
				CLANG_WARN_DIRECT_OBJC_ISA_USAGE = YES_ERROR;
				CLANG_WARN_EMPTY_BODY = YES;
				CLANG_WARN_ENUM_CONVERSION = YES;
				CLANG_WARN_INT_CONVERSION = YES;
				CLANG_WARN_OBJC_ROOT_CLASS = YES_ERROR;
				CLANG_WARN__DUPLICATE_METHOD_MATCH = YES;
				"CODE_SIGN_IDENTITY[sdk=iphoneos*]" = "iPhone Developer";
				COPY_PHASE_STRIP = NO;
				GCC_C_LANGUAGE_STANDARD = gnu99;
				GCC_DYNAMIC_NO_PIC = NO;
				GCC_OPTIMIZATION_LEVEL = 0;
				GCC_PREPROCESSOR_DEFINITIONS = (
					"DEBUG=1",
					"$(inherited)",
				);
				GCC_SYMBOLS_PRIVATE_EXTERN = NO;
				GCC_WARN_64_TO_32_BIT_CONVERSION = YES;
				GCC_WARN_ABOUT_RETURN_TYPE = YES_ERROR;
				GCC_WARN_UNDECLARED_SELECTOR = YES;
				GCC_WARN_UNINITIALIZED_AUTOS = YES_AGGRESSIVE;
				GCC_WARN_UNUSED_FUNCTION = YES;
				GCC_WARN_UNUSED_VARIABLE = YES;
				IPHONEOS_DEPLOYMENT_TARGET = 7.1;
				ONLY_ACTIVE_ARCH = YES;
				SDKROOT = iphoneos;
			};
			name = Debug;
		};
		01768DD91978C5EF009499FD /* Release */ = {
			isa = XCBuildConfiguration;
			buildSettings = {
				ALWAYS_SEARCH_USER_PATHS = NO;
				CLANG_CXX_LANGUAGE_STANDARD = "gnu++0x";
				CLANG_CXX_LIBRARY = "libc++";
				CLANG_ENABLE_MODULES = YES;
				CLANG_ENABLE_OBJC_ARC = YES;
				CLANG_WARN_BOOL_CONVERSION = YES;
				CLANG_WARN_CONSTANT_CONVERSION = YES;
				CLANG_WARN_DIRECT_OBJC_ISA_USAGE = YES_ERROR;
				CLANG_WARN_EMPTY_BODY = YES;
				CLANG_WARN_ENUM_CONVERSION = YES;
				CLANG_WARN_INT_CONVERSION = YES;
				CLANG_WARN_OBJC_ROOT_CLASS = YES_ERROR;
				CLANG_WARN__DUPLICATE_METHOD_MATCH = YES;
				"CODE_SIGN_IDENTITY[sdk=iphoneos*]" = "iPhone Developer";
				COPY_PHASE_STRIP = YES;
				ENABLE_NS_ASSERTIONS = NO;
				GCC_C_LANGUAGE_STANDARD = gnu99;
				GCC_WARN_64_TO_32_BIT_CONVERSION = YES;
				GCC_WARN_ABOUT_RETURN_TYPE = YES_ERROR;
				GCC_WARN_UNDECLARED_SELECTOR = YES;
				GCC_WARN_UNINITIALIZED_AUTOS = YES_AGGRESSIVE;
				GCC_WARN_UNUSED_FUNCTION = YES;
				GCC_WARN_UNUSED_VARIABLE = YES;
				IPHONEOS_DEPLOYMENT_TARGET = 7.1;
				SDKROOT = iphoneos;
				VALIDATE_PRODUCT = YES;
			};
			name = Release;
		};
		01768DDB1978C5EF009499FD /* Debug */ = {
			isa = XCBuildConfiguration;
			baseConfigurationReference = C370C497F5A54BFD92E60FEE /* Pods.xcconfig */;
			buildSettings = {
				ASSETCATALOG_COMPILER_APPICON_NAME = AppIcon;
				ASSETCATALOG_COMPILER_LAUNCHIMAGE_NAME = LaunchImage;
				GCC_PRECOMPILE_PREFIX_HEADER = YES;
				GCC_PREFIX_HEADER = "RealmPlayground/RealmPlayground-Prefix.pch";
				INFOPLIST_FILE = "RealmPlayground/RealmPlayground-Info.plist";
				IPHONEOS_DEPLOYMENT_TARGET = 7.0;
				PRODUCT_NAME = "$(TARGET_NAME)";
				WRAPPER_EXTENSION = app;
			};
			name = Debug;
		};
		01768DDC1978C5EF009499FD /* Release */ = {
			isa = XCBuildConfiguration;
			baseConfigurationReference = C370C497F5A54BFD92E60FEE /* Pods.xcconfig */;
			buildSettings = {
				ASSETCATALOG_COMPILER_APPICON_NAME = AppIcon;
				ASSETCATALOG_COMPILER_LAUNCHIMAGE_NAME = LaunchImage;
				GCC_PRECOMPILE_PREFIX_HEADER = YES;
				GCC_PREFIX_HEADER = "RealmPlayground/RealmPlayground-Prefix.pch";
				INFOPLIST_FILE = "RealmPlayground/RealmPlayground-Info.plist";
				IPHONEOS_DEPLOYMENT_TARGET = 7.0;
				PRODUCT_NAME = "$(TARGET_NAME)";
				WRAPPER_EXTENSION = app;
			};
			name = Release;
		};
		01768DDE1978C5EF009499FD /* Debug */ = {
			isa = XCBuildConfiguration;
			buildSettings = {
				BUNDLE_LOADER = "$(BUILT_PRODUCTS_DIR)/RealmPlayground.app/RealmPlayground";
				FRAMEWORK_SEARCH_PATHS = (
					"$(SDKROOT)/Developer/Library/Frameworks",
					"$(inherited)",
					"$(DEVELOPER_FRAMEWORKS_DIR)",
				);
				GCC_PRECOMPILE_PREFIX_HEADER = YES;
				GCC_PREFIX_HEADER = "RealmPlayground/RealmPlayground-Prefix.pch";
				GCC_PREPROCESSOR_DEFINITIONS = (
					"DEBUG=1",
					"$(inherited)",
				);
				INFOPLIST_FILE = "RealmPlaygroundTests/RealmPlaygroundTests-Info.plist";
				PRODUCT_NAME = "$(TARGET_NAME)";
				TEST_HOST = "$(BUNDLE_LOADER)";
				WRAPPER_EXTENSION = xctest;
			};
			name = Debug;
		};
		01768DDF1978C5EF009499FD /* Release */ = {
			isa = XCBuildConfiguration;
			buildSettings = {
				BUNDLE_LOADER = "$(BUILT_PRODUCTS_DIR)/RealmPlayground.app/RealmPlayground";
				FRAMEWORK_SEARCH_PATHS = (
					"$(SDKROOT)/Developer/Library/Frameworks",
					"$(inherited)",
					"$(DEVELOPER_FRAMEWORKS_DIR)",
				);
				GCC_PRECOMPILE_PREFIX_HEADER = YES;
				GCC_PREFIX_HEADER = "RealmPlayground/RealmPlayground-Prefix.pch";
				INFOPLIST_FILE = "RealmPlaygroundTests/RealmPlaygroundTests-Info.plist";
				PRODUCT_NAME = "$(TARGET_NAME)";
				TEST_HOST = "$(BUNDLE_LOADER)";
				WRAPPER_EXTENSION = xctest;
			};
			name = Release;
		};
/* End XCBuildConfiguration section */

/* Begin XCConfigurationList section */
		01768DA31978C5EE009499FD /* Build configuration list for PBXProject "RealmPlayground" */ = {
			isa = XCConfigurationList;
			buildConfigurations = (
				01768DD81978C5EF009499FD /* Debug */,
				01768DD91978C5EF009499FD /* Release */,
			);
			defaultConfigurationIsVisible = 0;
			defaultConfigurationName = Release;
		};
		01768DDA1978C5EF009499FD /* Build configuration list for PBXNativeTarget "RealmPlayground" */ = {
			isa = XCConfigurationList;
			buildConfigurations = (
				01768DDB1978C5EF009499FD /* Debug */,
				01768DDC1978C5EF009499FD /* Release */,
			);
			defaultConfigurationIsVisible = 0;
			defaultConfigurationName = Release;
		};
		01768DDD1978C5EF009499FD /* Build configuration list for PBXNativeTarget "RealmPlaygroundTests" */ = {
			isa = XCConfigurationList;
			buildConfigurations = (
				01768DDE1978C5EF009499FD /* Debug */,
				01768DDF1978C5EF009499FD /* Release */,
			);
			defaultConfigurationIsVisible = 0;
			defaultConfigurationName = Release;
		};
/* End XCConfigurationList section */
	};
	rootObject = 01768DA01978C5EE009499FD /* Project object */;
}
